
Microsoft Visual Studio Solution File, Format Version 12.00
# Visual Studio Version 17
VisualStudioVersion = 17.13.35931.197 d17.13
MinimumVisualStudioVersion = 10.0.40219.1
Project("{FAE04EC0-301F-11D3-BF4B-00C04F79EFBC}") = "ScoreClientes.API", "ScoreClientes.API\ScoreClientes.API.csproj", "{D9640A4D-3976-4BB3-B2F7-7E64046BCCED}"
EndProject
Global
	GlobalSection(SolutionConfigurationPlatforms) = preSolution
		Debug|Any CPU = Debug|Any CPU
		Release|Any CPU = Release|Any CPU
	EndGlobalSection
	GlobalSection(ProjectConfigurationPlatforms) = postSolution
		{D9640A4D-3976-4BB3-B2F7-7E64046BCCED}.Debug|Any CPU.ActiveCfg = Debug|Any CPU
		{D9640A4D-3976-4BB3-B2F7-7E64046BCCED}.Debug|Any CPU.Build.0 = Debug|Any CPU
		{D9640A4D-3976-4BB3-B2F7-7E64046BCCED}.Release|Any CPU.ActiveCfg = Release|Any CPU
		{D9640A4D-3976-4BB3-B2F7-7E64046BCCED}.Release|Any CPU.Build.0 = Release|Any CPU
	EndGlobalSection
	GlobalSection(SolutionProperties) = preSolution
		HideSolutionNode = FALSE
	EndGlobalSection
	GlobalSection(ExtensibilityGlobals) = postSolution
		SolutionGuid = {2D6DCB48-46C4-4555-8EA7-146D627F6022}
	EndGlobalSection
EndGlobal
